// !$*UTF8*$!
{
	archiveVersion = 1;
	classes = {
	};
	objectVersion = 56;
	objects = {

/* Begin PBXBuildFile section */
		312F1CD12A022F8700E7CA0A /* PostStep2SitterViewController.swift in Sources */ = {isa = PBXBuildFile; fileRef = 312F1CD02A022F8700E7CA0A /* PostStep2SitterViewController.swift */; };
		312F1CD32A022F9C00E7CA0A /* PostStep2AdopterViewController.swift in Sources */ = {isa = PBXBuildFile; fileRef = 312F1CD22A022F9C00E7CA0A /* PostStep2AdopterViewController.swift */; };
		312F1CD72A02960600E7CA0A /* PostStep3AdopterViewController.swift in Sources */ = {isa = PBXBuildFile; fileRef = 312F1CD62A02960600E7CA0A /* PostStep3AdopterViewController.swift */; };
		312F1CD92A02961400E7CA0A /* PostStep3SitterViewController.swift in Sources */ = {isa = PBXBuildFile; fileRef = 312F1CD82A02961400E7CA0A /* PostStep3SitterViewController.swift */; };
		312F1CDB2A029F9200E7CA0A /* PostStep4SitterViewController.swift in Sources */ = {isa = PBXBuildFile; fileRef = 312F1CDA2A029F9200E7CA0A /* PostStep4SitterViewController.swift */; };
		312F1CDD2A029FA500E7CA0A /* PostStep4AdopterViewController.swift in Sources */ = {isa = PBXBuildFile; fileRef = 312F1CDC2A029FA500E7CA0A /* PostStep4AdopterViewController.swift */; };
		312F1CDF2A02E24200E7CA0A /* PostStep5AdopterViewController.swift in Sources */ = {isa = PBXBuildFile; fileRef = 312F1CDE2A02E24200E7CA0A /* PostStep5AdopterViewController.swift */; };
		312F1CE12A02E24E00E7CA0A /* PostStep5SitterViewController.swift in Sources */ = {isa = PBXBuildFile; fileRef = 312F1CE02A02E24E00E7CA0A /* PostStep5SitterViewController.swift */; };
		312F1CE32A02F03400E7CA0A /* PostStep6SitterViewController.swift in Sources */ = {isa = PBXBuildFile; fileRef = 312F1CE22A02F03400E7CA0A /* PostStep6SitterViewController.swift */; };
		312F1CE52A02F04500E7CA0A /* PostStep6AdoperViewController.swift in Sources */ = {isa = PBXBuildFile; fileRef = 312F1CE42A02F04500E7CA0A /* PostStep6AdoperViewController.swift */; };
		312F1CEF2A03407400E7CA0A /* SwitchButton.swift in Sources */ = {isa = PBXBuildFile; fileRef = 312F1CEE2A03407400E7CA0A /* SwitchButton.swift */; };
		31719BC329FDE0C300466453 /* AppDelegate.swift in Sources */ = {isa = PBXBuildFile; fileRef = 31719BC229FDE0C300466453 /* AppDelegate.swift */; };
		31719BC529FDE0C300466453 /* SceneDelegate.swift in Sources */ = {isa = PBXBuildFile; fileRef = 31719BC429FDE0C300466453 /* SceneDelegate.swift */; };
		31719BCA29FDE0C300466453 /* Main.storyboard in Resources */ = {isa = PBXBuildFile; fileRef = 31719BC829FDE0C300466453 /* Main.storyboard */; };
		31719BCC29FDE0C400466453 /* Assets.xcassets in Resources */ = {isa = PBXBuildFile; fileRef = 31719BCB29FDE0C400466453 /* Assets.xcassets */; };
		31719BCF29FDE0C400466453 /* LaunchScreen.storyboard in Resources */ = {isa = PBXBuildFile; fileRef = 31719BCD29FDE0C400466453 /* LaunchScreen.storyboard */; };
		31719BD929FDE20100466453 /* SignInViewController.swift in Sources */ = {isa = PBXBuildFile; fileRef = 31719BD829FDE20100466453 /* SignInViewController.swift */; };
		31719BE529FDF39200466453 /* AuthService.swift in Sources */ = {isa = PBXBuildFile; fileRef = 31719BE429FDF39200466453 /* AuthService.swift */; };
		3171BBD529FDF64400466453 /* MailViewController.swift in Sources */ = {isa = PBXBuildFile; fileRef = 3171BBD429FDF64400466453 /* MailViewController.swift */; };
		3171BBD729FDF64700466453 /* ProfileViewController.swift in Sources */ = {isa = PBXBuildFile; fileRef = 3171BBD629FDF64700466453 /* ProfileViewController.swift */; };
		3171BBD929FDF65500466453 /* PostViewController.swift in Sources */ = {isa = PBXBuildFile; fileRef = 3171BBD829FDF65500466453 /* PostViewController.swift */; };
		3171BBDB29FDF65800466453 /* SavedViewController.swift in Sources */ = {isa = PBXBuildFile; fileRef = 3171BBDA29FDF65800466453 /* SavedViewController.swift */; };
		3171BBDD29FDF65A00466453 /* HomeViewController.swift in Sources */ = {isa = PBXBuildFile; fileRef = 3171BBDC29FDF65A00466453 /* HomeViewController.swift */; };
		3171BBE029FDF6D600466453 /* RegisterUserReq.swift in Sources */ = {isa = PBXBuildFile; fileRef = 3171BBDF29FDF6D600466453 /* RegisterUserReq.swift */; };
		3171BBE429FDFE9E00466453 /* GoogleService-Info.plist in Resources */ = {isa = PBXBuildFile; fileRef = 3171BBE329FDFE9E00466453 /* GoogleService-Info.plist */; };
		3171BBE629FDFF6100466453 /* LoginUserRequest.swift in Sources */ = {isa = PBXBuildFile; fileRef = 3171BBE529FDFF6100466453 /* LoginUserRequest.swift */; };
		3171BBE829FE10D600466453 /* AlertManager.swift in Sources */ = {isa = PBXBuildFile; fileRef = 3171BBE729FE10D600466453 /* AlertManager.swift */; };
		3171BBEB29FE1A1A00466453 /* PaddedTextFields.swift in Sources */ = {isa = PBXBuildFile; fileRef = 3171BBEA29FE1A1A00466453 /* PaddedTextFields.swift */; };
		3171BBEE29FE286000466453 /* ForgotPasswordViewController.swift in Sources */ = {isa = PBXBuildFile; fileRef = 3171BBED29FE286000466453 /* ForgotPasswordViewController.swift */; };
		3171BBF029FE287800466453 /* CheckEmailViewController.swift in Sources */ = {isa = PBXBuildFile; fileRef = 3171BBEF29FE287800466453 /* CheckEmailViewController.swift */; };
		3171BBF229FE341000466453 /* Validator.swift in Sources */ = {isa = PBXBuildFile; fileRef = 3171BBF129FE341000466453 /* Validator.swift */; };
		3171BBF429FE383D00466453 /* CreateAccountViewController.swift in Sources */ = {isa = PBXBuildFile; fileRef = 3171BBF329FE383D00466453 /* CreateAccountViewController.swift */; };
		31C3DE8729FE45D1006B7D31 /* EmailVerificationViewController.swift in Sources */ = {isa = PBXBuildFile; fileRef = 31C3DE8629FE45D1006B7D31 /* EmailVerificationViewController.swift */; };
		31C3DE8929FEDA36006B7D31 /* PasswordSetupViewController.swift in Sources */ = {isa = PBXBuildFile; fileRef = 31C3DE8829FEDA36006B7D31 /* PasswordSetupViewController.swift */; };
		31C3DE8B29FEEF77006B7D31 /* User.swift in Sources */ = {isa = PBXBuildFile; fileRef = 31C3DE8A29FEEF77006B7D31 /* User.swift */; };
		31C3DE8E29FF5897006B7D31 /* Pet.swift in Sources */ = {isa = PBXBuildFile; fileRef = 31C3DE8D29FF5897006B7D31 /* Pet.swift */; };
		31C3DE9029FF58D3006B7D31 /* CustomFilterCollectionViewCell.swift in Sources */ = {isa = PBXBuildFile; fileRef = 31C3DE8F29FF58D3006B7D31 /* CustomFilterCollectionViewCell.swift */; };
		31C3DE9229FF58F4006B7D31 /* PetCollectionViewCell.swift in Sources */ = {isa = PBXBuildFile; fileRef = 31C3DE9129FF58F4006B7D31 /* PetCollectionViewCell.swift */; };
		31C3DE952A003460006B7D31 /* EditProfileViewController.swift in Sources */ = {isa = PBXBuildFile; fileRef = 31C3DE942A003460006B7D31 /* EditProfileViewController.swift */; };
		31C3DE972A00AF20006B7D31 /* WelcomeViewController.swift in Sources */ = {isa = PBXBuildFile; fileRef = 31C3DE962A00AF20006B7D31 /* WelcomeViewController.swift */; };
		31C3DEA22A00B364006B7D31 /* Ubuntu-Medium.ttf in Resources */ = {isa = PBXBuildFile; fileRef = 31C3DE992A00B364006B7D31 /* Ubuntu-Medium.ttf */; };
		31C3DEA32A00B364006B7D31 /* Ubuntu-LightItalic.ttf in Resources */ = {isa = PBXBuildFile; fileRef = 31C3DE9A2A00B364006B7D31 /* Ubuntu-LightItalic.ttf */; };
		31C3DEA42A00B364006B7D31 /* Ubuntu-Regular.ttf in Resources */ = {isa = PBXBuildFile; fileRef = 31C3DE9B2A00B364006B7D31 /* Ubuntu-Regular.ttf */; };
		31C3DEA52A00B364006B7D31 /* Ubuntu-Bold.ttf in Resources */ = {isa = PBXBuildFile; fileRef = 31C3DE9C2A00B364006B7D31 /* Ubuntu-Bold.ttf */; };
		31C3DEA62A00B364006B7D31 /* Ubuntu-MediumItalic.ttf in Resources */ = {isa = PBXBuildFile; fileRef = 31C3DE9D2A00B364006B7D31 /* Ubuntu-MediumItalic.ttf */; };
		31C3DEA72A00B364006B7D31 /* Ubuntu-BoldItalic.ttf in Resources */ = {isa = PBXBuildFile; fileRef = 31C3DE9E2A00B364006B7D31 /* Ubuntu-BoldItalic.ttf */; };
		31C3DEA82A00B364006B7D31 /* Ubuntu-Italic.ttf in Resources */ = {isa = PBXBuildFile; fileRef = 31C3DE9F2A00B364006B7D31 /* Ubuntu-Italic.ttf */; };
		31C3DEA92A00B364006B7D31 /* Ubuntu-Light.ttf in Resources */ = {isa = PBXBuildFile; fileRef = 31C3DEA02A00B364006B7D31 /* Ubuntu-Light.ttf */; };
		31C3DEAA2A00B364006B7D31 /* UFL.txt in Resources */ = {isa = PBXBuildFile; fileRef = 31C3DEA12A00B364006B7D31 /* UFL.txt */; };
		31C3DEB02A01F805006B7D31 /* SavedPagePets.swift in Sources */ = {isa = PBXBuildFile; fileRef = 31C3DEAF2A01F805006B7D31 /* SavedPagePets.swift */; };
		31C3DEB22A01FA14006B7D31 /* SavedPageCollectionViewCell.swift in Sources */ = {isa = PBXBuildFile; fileRef = 31C3DEB12A01FA14006B7D31 /* SavedPageCollectionViewCell.swift */; };
		31EA6FF72A036EA50035A2D0 /* PostFInalViewController.swift in Sources */ = {isa = PBXBuildFile; fileRef = 31EA6FF62A036EA50035A2D0 /* PostFInalViewController.swift */; };
		31EA6FFD2A0393290035A2D0 /* EmailCodeViewController.swift in Sources */ = {isa = PBXBuildFile; fileRef = 31EA6FFC2A0393290035A2D0 /* EmailCodeViewController.swift */; };
		31EA70002A0456810035A2D0 /* NetworkManager.swift in Sources */ = {isa = PBXBuildFile; fileRef = 31EA6FFF2A0456810035A2D0 /* NetworkManager.swift */; };
		31EA70022A0456EA0035A2D0 /* UserReq.swift in Sources */ = {isa = PBXBuildFile; fileRef = 31EA70012A0456EA0035A2D0 /* UserReq.swift */; };
		31EA70042A04DFE60035A2D0 /* ViewProfile.swift in Sources */ = {isa = PBXBuildFile; fileRef = 31EA70032A04DFE60035A2D0 /* ViewProfile.swift */; };
		31EA70062A0576260035A2D0 /* SearchViewController.swift in Sources */ = {isa = PBXBuildFile; fileRef = 31EA70052A0576260035A2D0 /* SearchViewController.swift */; };
		31EA70082A0576520035A2D0 /* SitterViewController.swift in Sources */ = {isa = PBXBuildFile; fileRef = 31EA70072A0576520035A2D0 /* SitterViewController.swift */; };
		31EA700A2A05767F0035A2D0 /* AdoperFilterViewController.swift in Sources */ = {isa = PBXBuildFile; fileRef = 31EA70092A05767F0035A2D0 /* AdoperFilterViewController.swift */; };
		31EA700C2A0576CD0035A2D0 /* CustomTableViewCell.swift in Sources */ = {isa = PBXBuildFile; fileRef = 31EA700B2A0576CD0035A2D0 /* CustomTableViewCell.swift */; };
		31EA700E2A0577200035A2D0 /* ViewProfileViewController.swift in Sources */ = {isa = PBXBuildFile; fileRef = 31EA700D2A0577200035A2D0 /* ViewProfileViewController.swift */; };
		31EA70102A0577970035A2D0 /* AdopterProfileViewController.swift in Sources */ = {isa = PBXBuildFile; fileRef = 31EA700F2A0577970035A2D0 /* AdopterProfileViewController.swift */; };
		31EA70122A0577B50035A2D0 /* TaskViewController.swift in Sources */ = {isa = PBXBuildFile; fileRef = 31EA70112A0577B50035A2D0 /* TaskViewController.swift */; };
		31EA70142A0577D30035A2D0 /* AdoptionPet.swift in Sources */ = {isa = PBXBuildFile; fileRef = 31EA70132A0577D30035A2D0 /* AdoptionPet.swift */; };
		31EA70162A0578150035A2D0 /* CustomMailCollectionViewCell.swift in Sources */ = {isa = PBXBuildFile; fileRef = 31EA70152A0578150035A2D0 /* CustomMailCollectionViewCell.swift */; };
		31EA70182A0578350035A2D0 /* Person.swift in Sources */ = {isa = PBXBuildFile; fileRef = 31EA70172A0578350035A2D0 /* Person.swift */; };
		31EA701A2A05BEBA0035A2D0 /* AIViewController.swift in Sources */ = {isa = PBXBuildFile; fileRef = 31EA70192A05BEBA0035A2D0 /* AIViewController.swift */; };
		31EA701D2A05BFDE0035A2D0 /* OpenAISwift in Frameworks */ = {isa = PBXBuildFile; productRef = 31EA701C2A05BFDE0035A2D0 /* OpenAISwift */; };
		31EA701F2A05C0B70035A2D0 /* APIService.swift in Sources */ = {isa = PBXBuildFile; fileRef = 31EA701E2A05C0B70035A2D0 /* APIService.swift */; };
		31EA70212A05CBD70035A2D0 /* GPTViewController.swift in Sources */ = {isa = PBXBuildFile; fileRef = 31EA70202A05CBD70035A2D0 /* GPTViewController.swift */; };
		31EA70232A05CF620035A2D0 /* DallEResponse.swift in Sources */ = {isa = PBXBuildFile; fileRef = 31EA70222A05CF620035A2D0 /* DallEResponse.swift */; };
		31EA70252A05CFAE0035A2D0 /* GPTResponse.swift in Sources */ = {isa = PBXBuildFile; fileRef = 31EA70242A05CFAE0035A2D0 /* GPTResponse.swift */; };
		31EA70272A05E1B00035A2D0 /* ChatgptTableViewCell.swift in Sources */ = {isa = PBXBuildFile; fileRef = 31EA70262A05E1B00035A2D0 /* ChatgptTableViewCell.swift */; };
		92381A269A78FF093E2B7DCE /* Pods_Housing_and_Pet.framework in Frameworks */ = {isa = PBXBuildFile; fileRef = D89A4B621F566CC3C94100F5 /* Pods_Housing_and_Pet.framework */; };
/* End PBXBuildFile section */

/* Begin PBXFileReference section */
		312F1CD02A022F8700E7CA0A /* PostStep2SitterViewController.swift */ = {isa = PBXFileReference; lastKnownFileType = sourcecode.swift; path = PostStep2SitterViewController.swift; sourceTree = "<group>"; };
		312F1CD22A022F9C00E7CA0A /* PostStep2AdopterViewController.swift */ = {isa = PBXFileReference; lastKnownFileType = sourcecode.swift; path = PostStep2AdopterViewController.swift; sourceTree = "<group>"; };
		312F1CD62A02960600E7CA0A /* PostStep3AdopterViewController.swift */ = {isa = PBXFileReference; lastKnownFileType = sourcecode.swift; path = PostStep3AdopterViewController.swift; sourceTree = "<group>"; };
		312F1CD82A02961400E7CA0A /* PostStep3SitterViewController.swift */ = {isa = PBXFileReference; lastKnownFileType = sourcecode.swift; path = PostStep3SitterViewController.swift; sourceTree = "<group>"; };
		312F1CDA2A029F9200E7CA0A /* PostStep4SitterViewController.swift */ = {isa = PBXFileReference; lastKnownFileType = sourcecode.swift; path = PostStep4SitterViewController.swift; sourceTree = "<group>"; };
		312F1CDC2A029FA500E7CA0A /* PostStep4AdopterViewController.swift */ = {isa = PBXFileReference; lastKnownFileType = sourcecode.swift; path = PostStep4AdopterViewController.swift; sourceTree = "<group>"; };
		312F1CDE2A02E24200E7CA0A /* PostStep5AdopterViewController.swift */ = {isa = PBXFileReference; lastKnownFileType = sourcecode.swift; path = PostStep5AdopterViewController.swift; sourceTree = "<group>"; };
		312F1CE02A02E24E00E7CA0A /* PostStep5SitterViewController.swift */ = {isa = PBXFileReference; lastKnownFileType = sourcecode.swift; path = PostStep5SitterViewController.swift; sourceTree = "<group>"; };
		312F1CE22A02F03400E7CA0A /* PostStep6SitterViewController.swift */ = {isa = PBXFileReference; lastKnownFileType = sourcecode.swift; path = PostStep6SitterViewController.swift; sourceTree = "<group>"; };
		312F1CE42A02F04500E7CA0A /* PostStep6AdoperViewController.swift */ = {isa = PBXFileReference; lastKnownFileType = sourcecode.swift; path = PostStep6AdoperViewController.swift; sourceTree = "<group>"; };
		312F1CEE2A03407400E7CA0A /* SwitchButton.swift */ = {isa = PBXFileReference; lastKnownFileType = sourcecode.swift; path = SwitchButton.swift; sourceTree = "<group>"; };
		31719BBF29FDE0C300466453 /* Housing and Pet.app */ = {isa = PBXFileReference; explicitFileType = wrapper.application; includeInIndex = 0; path = "Housing and Pet.app"; sourceTree = BUILT_PRODUCTS_DIR; };
		31719BC229FDE0C300466453 /* AppDelegate.swift */ = {isa = PBXFileReference; lastKnownFileType = sourcecode.swift; path = AppDelegate.swift; sourceTree = "<group>"; };
		31719BC429FDE0C300466453 /* SceneDelegate.swift */ = {isa = PBXFileReference; lastKnownFileType = sourcecode.swift; path = SceneDelegate.swift; sourceTree = "<group>"; };
		31719BC929FDE0C300466453 /* Base */ = {isa = PBXFileReference; lastKnownFileType = file.storyboard; name = Base; path = Base.lproj/Main.storyboard; sourceTree = "<group>"; };
		31719BCB29FDE0C400466453 /* Assets.xcassets */ = {isa = PBXFileReference; lastKnownFileType = folder.assetcatalog; path = Assets.xcassets; sourceTree = "<group>"; };
		31719BCE29FDE0C400466453 /* Base */ = {isa = PBXFileReference; lastKnownFileType = file.storyboard; name = Base; path = Base.lproj/LaunchScreen.storyboard; sourceTree = "<group>"; };
		31719BD029FDE0C400466453 /* Info.plist */ = {isa = PBXFileReference; lastKnownFileType = text.plist.xml; path = Info.plist; sourceTree = "<group>"; };
		31719BD829FDE20100466453 /* SignInViewController.swift */ = {isa = PBXFileReference; lastKnownFileType = sourcecode.swift; path = SignInViewController.swift; sourceTree = "<group>"; };
		31719BE429FDF39200466453 /* AuthService.swift */ = {isa = PBXFileReference; lastKnownFileType = sourcecode.swift; path = AuthService.swift; sourceTree = "<group>"; };
		3171BBD429FDF64400466453 /* MailViewController.swift */ = {isa = PBXFileReference; fileEncoding = 4; lastKnownFileType = sourcecode.swift; path = MailViewController.swift; sourceTree = "<group>"; };
		3171BBD629FDF64700466453 /* ProfileViewController.swift */ = {isa = PBXFileReference; fileEncoding = 4; lastKnownFileType = sourcecode.swift; path = ProfileViewController.swift; sourceTree = "<group>"; };
		3171BBD829FDF65500466453 /* PostViewController.swift */ = {isa = PBXFileReference; fileEncoding = 4; lastKnownFileType = sourcecode.swift; path = PostViewController.swift; sourceTree = "<group>"; };
		3171BBDA29FDF65800466453 /* SavedViewController.swift */ = {isa = PBXFileReference; fileEncoding = 4; lastKnownFileType = sourcecode.swift; path = SavedViewController.swift; sourceTree = "<group>"; };
		3171BBDC29FDF65A00466453 /* HomeViewController.swift */ = {isa = PBXFileReference; fileEncoding = 4; lastKnownFileType = sourcecode.swift; path = HomeViewController.swift; sourceTree = "<group>"; };
		3171BBDF29FDF6D600466453 /* RegisterUserReq.swift */ = {isa = PBXFileReference; lastKnownFileType = sourcecode.swift; path = RegisterUserReq.swift; sourceTree = "<group>"; };
		3171BBE329FDFE9E00466453 /* GoogleService-Info.plist */ = {isa = PBXFileReference; fileEncoding = 4; lastKnownFileType = text.plist.xml; path = "GoogleService-Info.plist"; sourceTree = "<group>"; };
		3171BBE529FDFF6100466453 /* LoginUserRequest.swift */ = {isa = PBXFileReference; lastKnownFileType = sourcecode.swift; path = LoginUserRequest.swift; sourceTree = "<group>"; };
		3171BBE729FE10D600466453 /* AlertManager.swift */ = {isa = PBXFileReference; lastKnownFileType = sourcecode.swift; path = AlertManager.swift; sourceTree = "<group>"; };
		3171BBEA29FE1A1A00466453 /* PaddedTextFields.swift */ = {isa = PBXFileReference; lastKnownFileType = sourcecode.swift; path = PaddedTextFields.swift; sourceTree = "<group>"; };
		3171BBED29FE286000466453 /* ForgotPasswordViewController.swift */ = {isa = PBXFileReference; lastKnownFileType = sourcecode.swift; path = ForgotPasswordViewController.swift; sourceTree = "<group>"; };
		3171BBEF29FE287800466453 /* CheckEmailViewController.swift */ = {isa = PBXFileReference; lastKnownFileType = sourcecode.swift; path = CheckEmailViewController.swift; sourceTree = "<group>"; };
		3171BBF129FE341000466453 /* Validator.swift */ = {isa = PBXFileReference; lastKnownFileType = sourcecode.swift; path = Validator.swift; sourceTree = "<group>"; };
		3171BBF329FE383D00466453 /* CreateAccountViewController.swift */ = {isa = PBXFileReference; lastKnownFileType = sourcecode.swift; path = CreateAccountViewController.swift; sourceTree = "<group>"; };
		31C3DE8629FE45D1006B7D31 /* EmailVerificationViewController.swift */ = {isa = PBXFileReference; lastKnownFileType = sourcecode.swift; path = EmailVerificationViewController.swift; sourceTree = "<group>"; };
		31C3DE8829FEDA36006B7D31 /* PasswordSetupViewController.swift */ = {isa = PBXFileReference; lastKnownFileType = sourcecode.swift; path = PasswordSetupViewController.swift; sourceTree = "<group>"; };
		31C3DE8A29FEEF77006B7D31 /* User.swift */ = {isa = PBXFileReference; lastKnownFileType = sourcecode.swift; path = User.swift; sourceTree = "<group>"; };
		31C3DE8D29FF5897006B7D31 /* Pet.swift */ = {isa = PBXFileReference; lastKnownFileType = sourcecode.swift; path = Pet.swift; sourceTree = "<group>"; };
		31C3DE8F29FF58D3006B7D31 /* CustomFilterCollectionViewCell.swift */ = {isa = PBXFileReference; lastKnownFileType = sourcecode.swift; path = CustomFilterCollectionViewCell.swift; sourceTree = "<group>"; };
		31C3DE9129FF58F4006B7D31 /* PetCollectionViewCell.swift */ = {isa = PBXFileReference; lastKnownFileType = sourcecode.swift; path = PetCollectionViewCell.swift; sourceTree = "<group>"; };
		31C3DE942A003460006B7D31 /* EditProfileViewController.swift */ = {isa = PBXFileReference; lastKnownFileType = sourcecode.swift; path = EditProfileViewController.swift; sourceTree = "<group>"; };
		31C3DE962A00AF20006B7D31 /* WelcomeViewController.swift */ = {isa = PBXFileReference; lastKnownFileType = sourcecode.swift; path = WelcomeViewController.swift; sourceTree = "<group>"; };
		31C3DE992A00B364006B7D31 /* Ubuntu-Medium.ttf */ = {isa = PBXFileReference; lastKnownFileType = file; path = "Ubuntu-Medium.ttf"; sourceTree = "<group>"; };
		31C3DE9A2A00B364006B7D31 /* Ubuntu-LightItalic.ttf */ = {isa = PBXFileReference; lastKnownFileType = file; path = "Ubuntu-LightItalic.ttf"; sourceTree = "<group>"; };
		31C3DE9B2A00B364006B7D31 /* Ubuntu-Regular.ttf */ = {isa = PBXFileReference; lastKnownFileType = file; path = "Ubuntu-Regular.ttf"; sourceTree = "<group>"; };
		31C3DE9C2A00B364006B7D31 /* Ubuntu-Bold.ttf */ = {isa = PBXFileReference; lastKnownFileType = file; path = "Ubuntu-Bold.ttf"; sourceTree = "<group>"; };
		31C3DE9D2A00B364006B7D31 /* Ubuntu-MediumItalic.ttf */ = {isa = PBXFileReference; lastKnownFileType = file; path = "Ubuntu-MediumItalic.ttf"; sourceTree = "<group>"; };
		31C3DE9E2A00B364006B7D31 /* Ubuntu-BoldItalic.ttf */ = {isa = PBXFileReference; lastKnownFileType = file; path = "Ubuntu-BoldItalic.ttf"; sourceTree = "<group>"; };
		31C3DE9F2A00B364006B7D31 /* Ubuntu-Italic.ttf */ = {isa = PBXFileReference; lastKnownFileType = file; path = "Ubuntu-Italic.ttf"; sourceTree = "<group>"; };
		31C3DEA02A00B364006B7D31 /* Ubuntu-Light.ttf */ = {isa = PBXFileReference; lastKnownFileType = file; path = "Ubuntu-Light.ttf"; sourceTree = "<group>"; };
		31C3DEA12A00B364006B7D31 /* UFL.txt */ = {isa = PBXFileReference; fileEncoding = 4; lastKnownFileType = text; path = UFL.txt; sourceTree = "<group>"; };
		31C3DEAF2A01F805006B7D31 /* SavedPagePets.swift */ = {isa = PBXFileReference; lastKnownFileType = sourcecode.swift; path = SavedPagePets.swift; sourceTree = "<group>"; };
		31C3DEB12A01FA14006B7D31 /* SavedPageCollectionViewCell.swift */ = {isa = PBXFileReference; lastKnownFileType = sourcecode.swift; path = SavedPageCollectionViewCell.swift; sourceTree = "<group>"; };
		31EA6FF62A036EA50035A2D0 /* PostFInalViewController.swift */ = {isa = PBXFileReference; lastKnownFileType = sourcecode.swift; path = PostFInalViewController.swift; sourceTree = "<group>"; };
		31EA6FFC2A0393290035A2D0 /* EmailCodeViewController.swift */ = {isa = PBXFileReference; lastKnownFileType = sourcecode.swift; path = EmailCodeViewController.swift; sourceTree = "<group>"; };
		31EA6FFF2A0456810035A2D0 /* NetworkManager.swift */ = {isa = PBXFileReference; lastKnownFileType = sourcecode.swift; path = NetworkManager.swift; sourceTree = "<group>"; };
		31EA70012A0456EA0035A2D0 /* UserReq.swift */ = {isa = PBXFileReference; lastKnownFileType = sourcecode.swift; path = UserReq.swift; sourceTree = "<group>"; };
		31EA70032A04DFE60035A2D0 /* ViewProfile.swift */ = {isa = PBXFileReference; lastKnownFileType = sourcecode.swift; path = ViewProfile.swift; sourceTree = "<group>"; };
		31EA70052A0576260035A2D0 /* SearchViewController.swift */ = {isa = PBXFileReference; lastKnownFileType = sourcecode.swift; path = SearchViewController.swift; sourceTree = "<group>"; };
		31EA70072A0576520035A2D0 /* SitterViewController.swift */ = {isa = PBXFileReference; lastKnownFileType = sourcecode.swift; path = SitterViewController.swift; sourceTree = "<group>"; };
		31EA70092A05767F0035A2D0 /* AdoperFilterViewController.swift */ = {isa = PBXFileReference; lastKnownFileType = sourcecode.swift; path = AdoperFilterViewController.swift; sourceTree = "<group>"; };
		31EA700B2A0576CD0035A2D0 /* CustomTableViewCell.swift */ = {isa = PBXFileReference; lastKnownFileType = sourcecode.swift; path = CustomTableViewCell.swift; sourceTree = "<group>"; };
		31EA700D2A0577200035A2D0 /* ViewProfileViewController.swift */ = {isa = PBXFileReference; lastKnownFileType = sourcecode.swift; path = ViewProfileViewController.swift; sourceTree = "<group>"; };
		31EA700F2A0577970035A2D0 /* AdopterProfileViewController.swift */ = {isa = PBXFileReference; lastKnownFileType = sourcecode.swift; path = AdopterProfileViewController.swift; sourceTree = "<group>"; };
		31EA70112A0577B50035A2D0 /* TaskViewController.swift */ = {isa = PBXFileReference; lastKnownFileType = sourcecode.swift; path = TaskViewController.swift; sourceTree = "<group>"; };
		31EA70132A0577D30035A2D0 /* AdoptionPet.swift */ = {isa = PBXFileReference; lastKnownFileType = sourcecode.swift; path = AdoptionPet.swift; sourceTree = "<group>"; };
		31EA70152A0578150035A2D0 /* CustomMailCollectionViewCell.swift */ = {isa = PBXFileReference; lastKnownFileType = sourcecode.swift; path = CustomMailCollectionViewCell.swift; sourceTree = "<group>"; };
		31EA70172A0578350035A2D0 /* Person.swift */ = {isa = PBXFileReference; lastKnownFileType = sourcecode.swift; path = Person.swift; sourceTree = "<group>"; };
		31EA70192A05BEBA0035A2D0 /* AIViewController.swift */ = {isa = PBXFileReference; lastKnownFileType = sourcecode.swift; path = AIViewController.swift; sourceTree = "<group>"; };
		31EA701E2A05C0B70035A2D0 /* APIService.swift */ = {isa = PBXFileReference; lastKnownFileType = sourcecode.swift; path = APIService.swift; sourceTree = "<group>"; };
		31EA70202A05CBD70035A2D0 /* GPTViewController.swift */ = {isa = PBXFileReference; lastKnownFileType = sourcecode.swift; path = GPTViewController.swift; sourceTree = "<group>"; };
		31EA70222A05CF620035A2D0 /* DallEResponse.swift */ = {isa = PBXFileReference; lastKnownFileType = sourcecode.swift; path = DallEResponse.swift; sourceTree = "<group>"; };
		31EA70242A05CFAE0035A2D0 /* GPTResponse.swift */ = {isa = PBXFileReference; lastKnownFileType = sourcecode.swift; path = GPTResponse.swift; sourceTree = "<group>"; };
		31EA70262A05E1B00035A2D0 /* ChatgptTableViewCell.swift */ = {isa = PBXFileReference; lastKnownFileType = sourcecode.swift; path = ChatgptTableViewCell.swift; sourceTree = "<group>"; };
		57A2DF2F868BE03D2EBE6E22 /* Pods-Housing and Pet.debug.xcconfig */ = {isa = PBXFileReference; includeInIndex = 1; lastKnownFileType = text.xcconfig; name = "Pods-Housing and Pet.debug.xcconfig"; path = "Target Support Files/Pods-Housing and Pet/Pods-Housing and Pet.debug.xcconfig"; sourceTree = "<group>"; };
		A68629184D9B33E51CE525AA /* Pods-Housing and Pet.release.xcconfig */ = {isa = PBXFileReference; includeInIndex = 1; lastKnownFileType = text.xcconfig; name = "Pods-Housing and Pet.release.xcconfig"; path = "Target Support Files/Pods-Housing and Pet/Pods-Housing and Pet.release.xcconfig"; sourceTree = "<group>"; };
		D89A4B621F566CC3C94100F5 /* Pods_Housing_and_Pet.framework */ = {isa = PBXFileReference; explicitFileType = wrapper.framework; includeInIndex = 0; path = Pods_Housing_and_Pet.framework; sourceTree = BUILT_PRODUCTS_DIR; };
/* End PBXFileReference section */

/* Begin PBXFrameworksBuildPhase section */
		31719BBC29FDE0C300466453 /* Frameworks */ = {
			isa = PBXFrameworksBuildPhase;
			buildActionMask = 2147483647;
			files = (
				31EA701D2A05BFDE0035A2D0 /* OpenAISwift in Frameworks */,
				92381A269A78FF093E2B7DCE /* Pods_Housing_and_Pet.framework in Frameworks */,
			);
			runOnlyForDeploymentPostprocessing = 0;
		};
/* End PBXFrameworksBuildPhase section */

/* Begin PBXGroup section */
		31719BB629FDE0C300466453 = {
			isa = PBXGroup;
			children = (
				3171BBE329FDFE9E00466453 /* GoogleService-Info.plist */,
				31EA6FFE2A0456620035A2D0 /* Networking */,
				3171BBE929FE19E900466453 /* Customized Fields */,
				3171BBDE29FDF67200466453 /* LoginSystem */,
				3171BBD329FDF63800466453 /* tabs */,
				31719BC129FDE0C300466453 /* Housing and Pet */,
				31719BC029FDE0C300466453 /* Products */,
				C392778371796C47C1D76295 /* Pods */,
				46FA81D264E5FA9061D90B05 /* Frameworks */,
			);
			sourceTree = "<group>";
		};
		31719BC029FDE0C300466453 /* Products */ = {
			isa = PBXGroup;
			children = (
				31719BBF29FDE0C300466453 /* Housing and Pet.app */,
			);
			name = Products;
			sourceTree = "<group>";
		};
		31719BC129FDE0C300466453 /* Housing and Pet */ = {
			isa = PBXGroup;
			children = (
				31719BC229FDE0C300466453 /* AppDelegate.swift */,
				31719BC429FDE0C300466453 /* SceneDelegate.swift */,
				31719BC829FDE0C300466453 /* Main.storyboard */,
				31719BCB29FDE0C400466453 /* Assets.xcassets */,
				31719BCD29FDE0C400466453 /* LaunchScreen.storyboard */,
				31719BD029FDE0C400466453 /* Info.plist */,
			);
			path = "Housing and Pet";
			sourceTree = "<group>";
		};
		3171BBD329FDF63800466453 /* tabs */ = {
			isa = PBXGroup;
			children = (
				31C3DEAD2A00DF4E006B7D31 /* Mail */,
				31C3DEAC2A00DF40006B7D31 /* Post */,
				31C3DEAB2A00DF2F006B7D31 /* Saved */,
				31C3DE932A0032B4006B7D31 /* Profile */,
				31C3DE8C29FF5887006B7D31 /* Home */,
			);
			path = tabs;
			sourceTree = "<group>";
		};
		3171BBDE29FDF67200466453 /* LoginSystem */ = {
			isa = PBXGroup;
			children = (
				31719BD829FDE20100466453 /* SignInViewController.swift */,
				3171BBF329FE383D00466453 /* CreateAccountViewController.swift */,
				31EA6FFC2A0393290035A2D0 /* EmailCodeViewController.swift */,
				31C3DE8629FE45D1006B7D31 /* EmailVerificationViewController.swift */,
				31C3DE8829FEDA36006B7D31 /* PasswordSetupViewController.swift */,
				3171BBED29FE286000466453 /* ForgotPasswordViewController.swift */,
				3171BBEF29FE287800466453 /* CheckEmailViewController.swift */,
				31719BE429FDF39200466453 /* AuthService.swift */,
				31C3DE8A29FEEF77006B7D31 /* User.swift */,
				3171BBE529FDFF6100466453 /* LoginUserRequest.swift */,
				3171BBDF29FDF6D600466453 /* RegisterUserReq.swift */,
				3171BBE729FE10D600466453 /* AlertManager.swift */,
				3171BBF129FE341000466453 /* Validator.swift */,
				31C3DE962A00AF20006B7D31 /* WelcomeViewController.swift */,
			);
			name = LoginSystem;
			sourceTree = "<group>";
		};
		3171BBE929FE19E900466453 /* Customized Fields */ = {
			isa = PBXGroup;
			children = (
				31C3DE982A00B364006B7D31 /* Ubuntu */,
				3171BBEA29FE1A1A00466453 /* PaddedTextFields.swift */,
				312F1CEE2A03407400E7CA0A /* SwitchButton.swift */,
			);
			path = "Customized Fields";
			sourceTree = "<group>";
		};
		31C3DE8C29FF5887006B7D31 /* Home */ = {
			isa = PBXGroup;
			children = (
				3171BBDC29FDF65A00466453 /* HomeViewController.swift */,
				31C3DE8D29FF5897006B7D31 /* Pet.swift */,
				31C3DE8F29FF58D3006B7D31 /* CustomFilterCollectionViewCell.swift */,
				31C3DE9129FF58F4006B7D31 /* PetCollectionViewCell.swift */,
				31EA70052A0576260035A2D0 /* SearchViewController.swift */,
				31EA70072A0576520035A2D0 /* SitterViewController.swift */,
				31EA70092A05767F0035A2D0 /* AdoperFilterViewController.swift */,
				31EA700B2A0576CD0035A2D0 /* CustomTableViewCell.swift */,
				31EA700D2A0577200035A2D0 /* ViewProfileViewController.swift */,
				31EA700F2A0577970035A2D0 /* AdopterProfileViewController.swift */,
				31EA70112A0577B50035A2D0 /* TaskViewController.swift */,
				31EA70132A0577D30035A2D0 /* AdoptionPet.swift */,
			);
			path = Home;
			sourceTree = "<group>";
		};
		31C3DE932A0032B4006B7D31 /* Profile */ = {
			isa = PBXGroup;
			children = (
				3171BBD629FDF64700466453 /* ProfileViewController.swift */,
				31C3DE942A003460006B7D31 /* EditProfileViewController.swift */,
				31EA70032A04DFE60035A2D0 /* ViewProfile.swift */,
				31EA70192A05BEBA0035A2D0 /* AIViewController.swift */,
				31EA70202A05CBD70035A2D0 /* GPTViewController.swift */,
				31EA70262A05E1B00035A2D0 /* ChatgptTableViewCell.swift */,
				31EA701E2A05C0B70035A2D0 /* APIService.swift */,
				31EA70222A05CF620035A2D0 /* DallEResponse.swift */,
				31EA70242A05CFAE0035A2D0 /* GPTResponse.swift */,
			);
			path = Profile;
			sourceTree = "<group>";
		};
		31C3DE982A00B364006B7D31 /* Ubuntu */ = {
			isa = PBXGroup;
			children = (
				31C3DE992A00B364006B7D31 /* Ubuntu-Medium.ttf */,
				31C3DE9A2A00B364006B7D31 /* Ubuntu-LightItalic.ttf */,
				31C3DE9B2A00B364006B7D31 /* Ubuntu-Regular.ttf */,
				31C3DE9C2A00B364006B7D31 /* Ubuntu-Bold.ttf */,
				31C3DE9D2A00B364006B7D31 /* Ubuntu-MediumItalic.ttf */,
				31C3DE9E2A00B364006B7D31 /* Ubuntu-BoldItalic.ttf */,
				31C3DE9F2A00B364006B7D31 /* Ubuntu-Italic.ttf */,
				31C3DEA02A00B364006B7D31 /* Ubuntu-Light.ttf */,
				31C3DEA12A00B364006B7D31 /* UFL.txt */,
			);
			path = Ubuntu;
			sourceTree = "<group>";
		};
		31C3DEAB2A00DF2F006B7D31 /* Saved */ = {
			isa = PBXGroup;
			children = (
				3171BBDA29FDF65800466453 /* SavedViewController.swift */,
				31C3DEAF2A01F805006B7D31 /* SavedPagePets.swift */,
				31C3DEB12A01FA14006B7D31 /* SavedPageCollectionViewCell.swift */,
			);
			path = Saved;
			sourceTree = "<group>";
		};
		31C3DEAC2A00DF40006B7D31 /* Post */ = {
			isa = PBXGroup;
			children = (
				3171BBD829FDF65500466453 /* PostViewController.swift */,
				312F1CD22A022F9C00E7CA0A /* PostStep2AdopterViewController.swift */,
				312F1CD02A022F8700E7CA0A /* PostStep2SitterViewController.swift */,
				312F1CD62A02960600E7CA0A /* PostStep3AdopterViewController.swift */,
				312F1CD82A02961400E7CA0A /* PostStep3SitterViewController.swift */,
				312F1CDC2A029FA500E7CA0A /* PostStep4AdopterViewController.swift */,
				312F1CDA2A029F9200E7CA0A /* PostStep4SitterViewController.swift */,
				312F1CDE2A02E24200E7CA0A /* PostStep5AdopterViewController.swift */,
				312F1CE02A02E24E00E7CA0A /* PostStep5SitterViewController.swift */,
				312F1CE42A02F04500E7CA0A /* PostStep6AdoperViewController.swift */,
				312F1CE22A02F03400E7CA0A /* PostStep6SitterViewController.swift */,
				31EA6FF62A036EA50035A2D0 /* PostFInalViewController.swift */,
			);
			path = Post;
			sourceTree = "<group>";
		};
		31C3DEAD2A00DF4E006B7D31 /* Mail */ = {
			isa = PBXGroup;
			children = (
				3171BBD429FDF64400466453 /* MailViewController.swift */,
				31EA70152A0578150035A2D0 /* CustomMailCollectionViewCell.swift */,
				31EA70172A0578350035A2D0 /* Person.swift */,
			);
			path = Mail;
			sourceTree = "<group>";
		};
		31EA6FFE2A0456620035A2D0 /* Networking */ = {
			isa = PBXGroup;
			children = (
				31EA6FFF2A0456810035A2D0 /* NetworkManager.swift */,
				31EA70012A0456EA0035A2D0 /* UserReq.swift */,
			);
			path = Networking;
			sourceTree = "<group>";
		};
		46FA81D264E5FA9061D90B05 /* Frameworks */ = {
			isa = PBXGroup;
			children = (
				D89A4B621F566CC3C94100F5 /* Pods_Housing_and_Pet.framework */,
			);
			name = Frameworks;
			sourceTree = "<group>";
		};
		C392778371796C47C1D76295 /* Pods */ = {
			isa = PBXGroup;
			children = (
				57A2DF2F868BE03D2EBE6E22 /* Pods-Housing and Pet.debug.xcconfig */,
				A68629184D9B33E51CE525AA /* Pods-Housing and Pet.release.xcconfig */,
			);
			path = Pods;
			sourceTree = "<group>";
		};
/* End PBXGroup section */

/* Begin PBXNativeTarget section */
		31719BBE29FDE0C300466453 /* Housing and Pet */ = {
			isa = PBXNativeTarget;
			buildConfigurationList = 31719BD329FDE0C400466453 /* Build configuration list for PBXNativeTarget "Housing and Pet" */;
			buildPhases = (
				01EB56BF9F5115BAFEBCD35B /* [CP] Check Pods Manifest.lock */,
				31719BBB29FDE0C300466453 /* Sources */,
				31719BBC29FDE0C300466453 /* Frameworks */,
				31719BBD29FDE0C300466453 /* Resources */,
				412B4FF9560B5C5EAF2CCE0F /* [CP] Embed Pods Frameworks */,
			);
			buildRules = (
			);
			dependencies = (
			);
			name = "Housing and Pet";
			packageProductDependencies = (
				31EA701C2A05BFDE0035A2D0 /* OpenAISwift */,
			);
			productName = "Housing and Pet";
			productReference = 31719BBF29FDE0C300466453 /* Housing and Pet.app */;
			productType = "com.apple.product-type.application";
		};
/* End PBXNativeTarget section */

/* Begin PBXProject section */
		31719BB729FDE0C300466453 /* Project object */ = {
			isa = PBXProject;
			attributes = {
				BuildIndependentTargetsInParallel = 1;
				LastSwiftUpdateCheck = 1400;
				LastUpgradeCheck = 1400;
				TargetAttributes = {
					31719BBE29FDE0C300466453 = {
						CreatedOnToolsVersion = 14.0;
					};
				};
			};
			buildConfigurationList = 31719BBA29FDE0C300466453 /* Build configuration list for PBXProject "Housing and Pet" */;
			compatibilityVersion = "Xcode 14.0";
			developmentRegion = en;
			hasScannedForEncodings = 0;
			knownRegions = (
				en,
				Base,
			);
			mainGroup = 31719BB629FDE0C300466453;
			packageReferences = (
				31EA701B2A05BFDE0035A2D0 /* XCRemoteSwiftPackageReference "OpenAISwift" */,
			);
			productRefGroup = 31719BC029FDE0C300466453 /* Products */;
			projectDirPath = "";
			projectRoot = "";
			targets = (
				31719BBE29FDE0C300466453 /* Housing and Pet */,
			);
		};
/* End PBXProject section */

/* Begin PBXResourcesBuildPhase section */
		31719BBD29FDE0C300466453 /* Resources */ = {
			isa = PBXResourcesBuildPhase;
			buildActionMask = 2147483647;
			files = (
				31C3DEA82A00B364006B7D31 /* Ubuntu-Italic.ttf in Resources */,
				31719BCF29FDE0C400466453 /* LaunchScreen.storyboard in Resources */,
				31C3DEAA2A00B364006B7D31 /* UFL.txt in Resources */,
				31C3DEA22A00B364006B7D31 /* Ubuntu-Medium.ttf in Resources */,
				3171BBE429FDFE9E00466453 /* GoogleService-Info.plist in Resources */,
				31C3DEA92A00B364006B7D31 /* Ubuntu-Light.ttf in Resources */,
				31719BCC29FDE0C400466453 /* Assets.xcassets in Resources */,
				31C3DEA52A00B364006B7D31 /* Ubuntu-Bold.ttf in Resources */,
				31C3DEA32A00B364006B7D31 /* Ubuntu-LightItalic.ttf in Resources */,
				31C3DEA72A00B364006B7D31 /* Ubuntu-BoldItalic.ttf in Resources */,
				31C3DEA42A00B364006B7D31 /* Ubuntu-Regular.ttf in Resources */,
				31719BCA29FDE0C300466453 /* Main.storyboard in Resources */,
				31C3DEA62A00B364006B7D31 /* Ubuntu-MediumItalic.ttf in Resources */,
			);
			runOnlyForDeploymentPostprocessing = 0;
		};
/* End PBXResourcesBuildPhase section */

/* Begin PBXShellScriptBuildPhase section */
		01EB56BF9F5115BAFEBCD35B /* [CP] Check Pods Manifest.lock */ = {
			isa = PBXShellScriptBuildPhase;
			buildActionMask = 2147483647;
			files = (
			);
			inputFileListPaths = (
			);
			inputPaths = (
				"${PODS_PODFILE_DIR_PATH}/Podfile.lock",
				"${PODS_ROOT}/Manifest.lock",
			);
			name = "[CP] Check Pods Manifest.lock";
			outputFileListPaths = (
			);
			outputPaths = (
				"$(DERIVED_FILE_DIR)/Pods-Housing and Pet-checkManifestLockResult.txt",
			);
			runOnlyForDeploymentPostprocessing = 0;
			shellPath = /bin/sh;
			shellScript = "diff \"${PODS_PODFILE_DIR_PATH}/Podfile.lock\" \"${PODS_ROOT}/Manifest.lock\" > /dev/null\nif [ $? != 0 ] ; then\n    # print error to STDERR\n    echo \"error: The sandbox is not in sync with the Podfile.lock. Run 'pod install' or update your CocoaPods installation.\" >&2\n    exit 1\nfi\n# This output is used by Xcode 'outputs' to avoid re-running this script phase.\necho \"SUCCESS\" > \"${SCRIPT_OUTPUT_FILE_0}\"\n";
			showEnvVarsInLog = 0;
		};
		412B4FF9560B5C5EAF2CCE0F /* [CP] Embed Pods Frameworks */ = {
			isa = PBXShellScriptBuildPhase;
			buildActionMask = 2147483647;
			files = (
			);
			inputFileListPaths = (
				"${PODS_ROOT}/Target Support Files/Pods-Housing and Pet/Pods-Housing and Pet-frameworks-${CONFIGURATION}-input-files.xcfilelist",
			);
			name = "[CP] Embed Pods Frameworks";
			outputFileListPaths = (
				"${PODS_ROOT}/Target Support Files/Pods-Housing and Pet/Pods-Housing and Pet-frameworks-${CONFIGURATION}-output-files.xcfilelist",
			);
			runOnlyForDeploymentPostprocessing = 0;
			shellPath = /bin/sh;
			shellScript = "\"${PODS_ROOT}/Target Support Files/Pods-Housing and Pet/Pods-Housing and Pet-frameworks.sh\"\n";
			showEnvVarsInLog = 0;
		};
/* End PBXShellScriptBuildPhase section */

/* Begin PBXSourcesBuildPhase section */
		31719BBB29FDE0C300466453 /* Sources */ = {
			isa = PBXSourcesBuildPhase;
			buildActionMask = 2147483647;
			files = (
				312F1CE32A02F03400E7CA0A /* PostStep6SitterViewController.swift in Sources */,
				31C3DE8E29FF5897006B7D31 /* Pet.swift in Sources */,
				31EA70232A05CF620035A2D0 /* DallEResponse.swift in Sources */,
				3171BBF229FE341000466453 /* Validator.swift in Sources */,
				312F1CD72A02960600E7CA0A /* PostStep3AdopterViewController.swift in Sources */,
				31C3DE9229FF58F4006B7D31 /* PetCollectionViewCell.swift in Sources */,
				312F1CDF2A02E24200E7CA0A /* PostStep5AdopterViewController.swift in Sources */,
				3171BBD929FDF65500466453 /* PostViewController.swift in Sources */,
				31719BD929FDE20100466453 /* SignInViewController.swift in Sources */,
				31EA701F2A05C0B70035A2D0 /* APIService.swift in Sources */,
				3171BBE629FDFF6100466453 /* LoginUserRequest.swift in Sources */,
				31EA70062A0576260035A2D0 /* SearchViewController.swift in Sources */,
				31C3DE972A00AF20006B7D31 /* WelcomeViewController.swift in Sources */,
				31C3DE9029FF58D3006B7D31 /* CustomFilterCollectionViewCell.swift in Sources */,
				31C3DE8729FE45D1006B7D31 /* EmailVerificationViewController.swift in Sources */,
				31EA70272A05E1B00035A2D0 /* ChatgptTableViewCell.swift in Sources */,
				31C3DE952A003460006B7D31 /* EditProfileViewController.swift in Sources */,
				3171BBF029FE287800466453 /* CheckEmailViewController.swift in Sources */,
				31EA70042A04DFE60035A2D0 /* ViewProfile.swift in Sources */,
				3171BBD529FDF64400466453 /* MailViewController.swift in Sources */,
				312F1CD12A022F8700E7CA0A /* PostStep2SitterViewController.swift in Sources */,
				31EA6FFD2A0393290035A2D0 /* EmailCodeViewController.swift in Sources */,
				31EA70212A05CBD70035A2D0 /* GPTViewController.swift in Sources */,
				312F1CD92A02961400E7CA0A /* PostStep3SitterViewController.swift in Sources */,
				31EA70182A0578350035A2D0 /* Person.swift in Sources */,
				31EA70002A0456810035A2D0 /* NetworkManager.swift in Sources */,
				31EA701A2A05BEBA0035A2D0 /* AIViewController.swift in Sources */,
				3171BBDB29FDF65800466453 /* SavedViewController.swift in Sources */,
				31EA70162A0578150035A2D0 /* CustomMailCollectionViewCell.swift in Sources */,
				31C3DE8B29FEEF77006B7D31 /* User.swift in Sources */,
				3171BBF429FE383D00466453 /* CreateAccountViewController.swift in Sources */,
				312F1CDD2A029FA500E7CA0A /* PostStep4AdopterViewController.swift in Sources */,
				31719BE529FDF39200466453 /* AuthService.swift in Sources */,
				31EA70082A0576520035A2D0 /* SitterViewController.swift in Sources */,
				31EA70122A0577B50035A2D0 /* TaskViewController.swift in Sources */,
				3171BBDD29FDF65A00466453 /* HomeViewController.swift in Sources */,
				31EA700C2A0576CD0035A2D0 /* CustomTableViewCell.swift in Sources */,
				312F1CE52A02F04500E7CA0A /* PostStep6AdoperViewController.swift in Sources */,
				31EA70142A0577D30035A2D0 /* AdoptionPet.swift in Sources */,
				3171BBEB29FE1A1A00466453 /* PaddedTextFields.swift in Sources */,
				312F1CEF2A03407400E7CA0A /* SwitchButton.swift in Sources */,
				31C3DEB22A01FA14006B7D31 /* SavedPageCollectionViewCell.swift in Sources */,
				31EA700A2A05767F0035A2D0 /* AdoperFilterViewController.swift in Sources */,
				3171BBEE29FE286000466453 /* ForgotPasswordViewController.swift in Sources */,
				3171BBE029FDF6D600466453 /* RegisterUserReq.swift in Sources */,
				312F1CE12A02E24E00E7CA0A /* PostStep5SitterViewController.swift in Sources */,
				31EA700E2A0577200035A2D0 /* ViewProfileViewController.swift in Sources */,
				31EA70252A05CFAE0035A2D0 /* GPTResponse.swift in Sources */,
				3171BBE829FE10D600466453 /* AlertManager.swift in Sources */,
				312F1CD32A022F9C00E7CA0A /* PostStep2AdopterViewController.swift in Sources */,
				31C3DE8929FEDA36006B7D31 /* PasswordSetupViewController.swift in Sources */,
				31EA6FF72A036EA50035A2D0 /* PostFInalViewController.swift in Sources */,
				31C3DEB02A01F805006B7D31 /* SavedPagePets.swift in Sources */,
				31EA70022A0456EA0035A2D0 /* UserReq.swift in Sources */,
				31719BC329FDE0C300466453 /* AppDelegate.swift in Sources */,
				3171BBD729FDF64700466453 /* ProfileViewController.swift in Sources */,
				312F1CDB2A029F9200E7CA0A /* PostStep4SitterViewController.swift in Sources */,
				31719BC529FDE0C300466453 /* SceneDelegate.swift in Sources */,
				31EA70102A0577970035A2D0 /* AdopterProfileViewController.swift in Sources */,
			);
			runOnlyForDeploymentPostprocessing = 0;
		};
/* End PBXSourcesBuildPhase section */

/* Begin PBXVariantGroup section */
		31719BC829FDE0C300466453 /* Main.storyboard */ = {
			isa = PBXVariantGroup;
			children = (
				31719BC929FDE0C300466453 /* Base */,
			);
			name = Main.storyboard;
			sourceTree = "<group>";
		};
		31719BCD29FDE0C400466453 /* LaunchScreen.storyboard */ = {
			isa = PBXVariantGroup;
			children = (
				31719BCE29FDE0C400466453 /* Base */,
			);
			name = LaunchScreen.storyboard;
			sourceTree = "<group>";
		};
/* End PBXVariantGroup section */

/* Begin XCBuildConfiguration section */
		31719BD129FDE0C400466453 /* Debug */ = {
			isa = XCBuildConfiguration;
			buildSettings = {
				ALWAYS_SEARCH_USER_PATHS = NO;
				CLANG_ANALYZER_NONNULL = YES;
				CLANG_ANALYZER_NUMBER_OBJECT_CONVERSION = YES_AGGRESSIVE;
				CLANG_CXX_LANGUAGE_STANDARD = "gnu++20";
				CLANG_ENABLE_MODULES = YES;
				CLANG_ENABLE_OBJC_ARC = YES;
				CLANG_ENABLE_OBJC_WEAK = YES;
				CLANG_WARN_BLOCK_CAPTURE_AUTORELEASING = YES;
				CLANG_WARN_BOOL_CONVERSION = YES;
				CLANG_WARN_COMMA = YES;
				CLANG_WARN_CONSTANT_CONVERSION = YES;
				CLANG_WARN_DEPRECATED_OBJC_IMPLEMENTATIONS = YES;
				CLANG_WARN_DIRECT_OBJC_ISA_USAGE = YES_ERROR;
				CLANG_WARN_DOCUMENTATION_COMMENTS = YES;
				CLANG_WARN_EMPTY_BODY = YES;
				CLANG_WARN_ENUM_CONVERSION = YES;
				CLANG_WARN_INFINITE_RECURSION = YES;
				CLANG_WARN_INT_CONVERSION = YES;
				CLANG_WARN_NON_LITERAL_NULL_CONVERSION = YES;
				CLANG_WARN_OBJC_IMPLICIT_RETAIN_SELF = YES;
				CLANG_WARN_OBJC_LITERAL_CONVERSION = YES;
				CLANG_WARN_OBJC_ROOT_CLASS = YES_ERROR;
				CLANG_WARN_QUOTED_INCLUDE_IN_FRAMEWORK_HEADER = YES;
				CLANG_WARN_RANGE_LOOP_ANALYSIS = YES;
				CLANG_WARN_STRICT_PROTOTYPES = YES;
				CLANG_WARN_SUSPICIOUS_MOVE = YES;
				CLANG_WARN_UNGUARDED_AVAILABILITY = YES_AGGRESSIVE;
				CLANG_WARN_UNREACHABLE_CODE = YES;
				CLANG_WARN__DUPLICATE_METHOD_MATCH = YES;
				COPY_PHASE_STRIP = NO;
				DEBUG_INFORMATION_FORMAT = dwarf;
				ENABLE_STRICT_OBJC_MSGSEND = YES;
				ENABLE_TESTABILITY = YES;
				GCC_C_LANGUAGE_STANDARD = gnu11;
				GCC_DYNAMIC_NO_PIC = NO;
				GCC_NO_COMMON_BLOCKS = YES;
				GCC_OPTIMIZATION_LEVEL = 0;
				GCC_PREPROCESSOR_DEFINITIONS = (
					"DEBUG=1",
					"$(inherited)",
				);
				GCC_WARN_64_TO_32_BIT_CONVERSION = YES;
				GCC_WARN_ABOUT_RETURN_TYPE = YES_ERROR;
				GCC_WARN_UNDECLARED_SELECTOR = YES;
				GCC_WARN_UNINITIALIZED_AUTOS = YES_AGGRESSIVE;
				GCC_WARN_UNUSED_FUNCTION = YES;
				GCC_WARN_UNUSED_VARIABLE = YES;
				IPHONEOS_DEPLOYMENT_TARGET = 16.0;
				MTL_ENABLE_DEBUG_INFO = INCLUDE_SOURCE;
				MTL_FAST_MATH = YES;
				ONLY_ACTIVE_ARCH = YES;
				SDKROOT = iphoneos;
				SWIFT_ACTIVE_COMPILATION_CONDITIONS = DEBUG;
				SWIFT_OPTIMIZATION_LEVEL = "-Onone";
			};
			name = Debug;
		};
		31719BD229FDE0C400466453 /* Release */ = {
			isa = XCBuildConfiguration;
			buildSettings = {
				ALWAYS_SEARCH_USER_PATHS = NO;
				CLANG_ANALYZER_NONNULL = YES;
				CLANG_ANALYZER_NUMBER_OBJECT_CONVERSION = YES_AGGRESSIVE;
				CLANG_CXX_LANGUAGE_STANDARD = "gnu++20";
				CLANG_ENABLE_MODULES = YES;
				CLANG_ENABLE_OBJC_ARC = YES;
				CLANG_ENABLE_OBJC_WEAK = YES;
				CLANG_WARN_BLOCK_CAPTURE_AUTORELEASING = YES;
				CLANG_WARN_BOOL_CONVERSION = YES;
				CLANG_WARN_COMMA = YES;
				CLANG_WARN_CONSTANT_CONVERSION = YES;
				CLANG_WARN_DEPRECATED_OBJC_IMPLEMENTATIONS = YES;
				CLANG_WARN_DIRECT_OBJC_ISA_USAGE = YES_ERROR;
				CLANG_WARN_DOCUMENTATION_COMMENTS = YES;
				CLANG_WARN_EMPTY_BODY = YES;
				CLANG_WARN_ENUM_CONVERSION = YES;
				CLANG_WARN_INFINITE_RECURSION = YES;
				CLANG_WARN_INT_CONVERSION = YES;
				CLANG_WARN_NON_LITERAL_NULL_CONVERSION = YES;
				CLANG_WARN_OBJC_IMPLICIT_RETAIN_SELF = YES;
				CLANG_WARN_OBJC_LITERAL_CONVERSION = YES;
				CLANG_WARN_OBJC_ROOT_CLASS = YES_ERROR;
				CLANG_WARN_QUOTED_INCLUDE_IN_FRAMEWORK_HEADER = YES;
				CLANG_WARN_RANGE_LOOP_ANALYSIS = YES;
				CLANG_WARN_STRICT_PROTOTYPES = YES;
				CLANG_WARN_SUSPICIOUS_MOVE = YES;
				CLANG_WARN_UNGUARDED_AVAILABILITY = YES_AGGRESSIVE;
				CLANG_WARN_UNREACHABLE_CODE = YES;
				CLANG_WARN__DUPLICATE_METHOD_MATCH = YES;
				COPY_PHASE_STRIP = NO;
				DEBUG_INFORMATION_FORMAT = "dwarf-with-dsym";
				ENABLE_NS_ASSERTIONS = NO;
				ENABLE_STRICT_OBJC_MSGSEND = YES;
				GCC_C_LANGUAGE_STANDARD = gnu11;
				GCC_NO_COMMON_BLOCKS = YES;
				GCC_WARN_64_TO_32_BIT_CONVERSION = YES;
				GCC_WARN_ABOUT_RETURN_TYPE = YES_ERROR;
				GCC_WARN_UNDECLARED_SELECTOR = YES;
				GCC_WARN_UNINITIALIZED_AUTOS = YES_AGGRESSIVE;
				GCC_WARN_UNUSED_FUNCTION = YES;
				GCC_WARN_UNUSED_VARIABLE = YES;
				IPHONEOS_DEPLOYMENT_TARGET = 16.0;
				MTL_ENABLE_DEBUG_INFO = NO;
				MTL_FAST_MATH = YES;
				SDKROOT = iphoneos;
				SWIFT_COMPILATION_MODE = wholemodule;
				SWIFT_OPTIMIZATION_LEVEL = "-O";
				VALIDATE_PRODUCT = YES;
			};
			name = Release;
		};
		31719BD429FDE0C400466453 /* Debug */ = {
			isa = XCBuildConfiguration;
			baseConfigurationReference = 57A2DF2F868BE03D2EBE6E22 /* Pods-Housing and Pet.debug.xcconfig */;
			buildSettings = {
				ASSETCATALOG_COMPILER_APPICON_NAME = AppIcon;
				ASSETCATALOG_COMPILER_GLOBAL_ACCENT_COLOR_NAME = AccentColor;
				CODE_SIGN_STYLE = Automatic;
				CURRENT_PROJECT_VERSION = 1;
				DEVELOPMENT_TEAM = 5396HS72UD;
				GENERATE_INFOPLIST_FILE = YES;
				INFOPLIST_FILE = "Housing and Pet/Info.plist";
				INFOPLIST_KEY_UIApplicationSupportsIndirectInputEvents = YES;
				INFOPLIST_KEY_UILaunchStoryboardName = LaunchScreen;
				INFOPLIST_KEY_UIMainStoryboardFile = Main;
				INFOPLIST_KEY_UISupportedInterfaceOrientations_iPad = "UIInterfaceOrientationPortrait UIInterfaceOrientationPortraitUpsideDown UIInterfaceOrientationLandscapeLeft UIInterfaceOrientationLandscapeRight";
				INFOPLIST_KEY_UISupportedInterfaceOrientations_iPhone = "UIInterfaceOrientationPortrait UIInterfaceOrientationLandscapeLeft UIInterfaceOrientationLandscapeRight";
				LD_RUNPATH_SEARCH_PATHS = (
					"$(inherited)",
					"@executable_path/Frameworks",
				);
				MARKETING_VERSION = 1.0;
				PRODUCT_BUNDLE_IDENTIFIER = "com.Wei.Housing-and-Pet";
				PRODUCT_NAME = "$(TARGET_NAME)";
				SWIFT_EMIT_LOC_STRINGS = YES;
				SWIFT_VERSION = 5.0;
				TARGETED_DEVICE_FAMILY = "1,2";
			};
			name = Debug;
		};
		31719BD529FDE0C400466453 /* Release */ = {
			isa = XCBuildConfiguration;
			baseConfigurationReference = A68629184D9B33E51CE525AA /* Pods-Housing and Pet.release.xcconfig */;
			buildSettings = {
				ASSETCATALOG_COMPILER_APPICON_NAME = AppIcon;
				ASSETCATALOG_COMPILER_GLOBAL_ACCENT_COLOR_NAME = AccentColor;
				CODE_SIGN_STYLE = Automatic;
				CURRENT_PROJECT_VERSION = 1;
				DEVELOPMENT_TEAM = 5396HS72UD;
				GENERATE_INFOPLIST_FILE = YES;
				INFOPLIST_FILE = "Housing and Pet/Info.plist";
				INFOPLIST_KEY_UIApplicationSupportsIndirectInputEvents = YES;
				INFOPLIST_KEY_UILaunchStoryboardName = LaunchScreen;
				INFOPLIST_KEY_UIMainStoryboardFile = Main;
				INFOPLIST_KEY_UISupportedInterfaceOrientations_iPad = "UIInterfaceOrientationPortrait UIInterfaceOrientationPortraitUpsideDown UIInterfaceOrientationLandscapeLeft UIInterfaceOrientationLandscapeRight";
				INFOPLIST_KEY_UISupportedInterfaceOrientations_iPhone = "UIInterfaceOrientationPortrait UIInterfaceOrientationLandscapeLeft UIInterfaceOrientationLandscapeRight";
				LD_RUNPATH_SEARCH_PATHS = (
					"$(inherited)",
					"@executable_path/Frameworks",
				);
				MARKETING_VERSION = 1.0;
				PRODUCT_BUNDLE_IDENTIFIER = "com.Wei.Housing-and-Pet";
				PRODUCT_NAME = "$(TARGET_NAME)";
				SWIFT_EMIT_LOC_STRINGS = YES;
				SWIFT_VERSION = 5.0;
				TARGETED_DEVICE_FAMILY = "1,2";
			};
			name = Release;
		};
/* End XCBuildConfiguration section */

/* Begin XCConfigurationList section */
		31719BBA29FDE0C300466453 /* Build configuration list for PBXProject "Housing and Pet" */ = {
			isa = XCConfigurationList;
			buildConfigurations = (
				31719BD129FDE0C400466453 /* Debug */,
				31719BD229FDE0C400466453 /* Release */,
			);
			defaultConfigurationIsVisible = 0;
			defaultConfigurationName = Release;
		};
		31719BD329FDE0C400466453 /* Build configuration list for PBXNativeTarget "Housing and Pet" */ = {
			isa = XCConfigurationList;
			buildConfigurations = (
				31719BD429FDE0C400466453 /* Debug */,
				31719BD529FDE0C400466453 /* Release */,
			);
			defaultConfigurationIsVisible = 0;
			defaultConfigurationName = Release;
		};
/* End XCConfigurationList section */

/* Begin XCRemoteSwiftPackageReference section */
		31EA701B2A05BFDE0035A2D0 /* XCRemoteSwiftPackageReference "OpenAISwift" */ = {
			isa = XCRemoteSwiftPackageReference;
			repositoryURL = "https://github.com/adamrushy/OpenAISwift";
			requirement = {
				kind = upToNextMajorVersion;
				minimumVersion = 1.0.0;
			};
		};
/* End XCRemoteSwiftPackageReference section */

/* Begin XCSwiftPackageProductDependency section */
		31EA701C2A05BFDE0035A2D0 /* OpenAISwift */ = {
			isa = XCSwiftPackageProductDependency;
			package = 31EA701B2A05BFDE0035A2D0 /* XCRemoteSwiftPackageReference "OpenAISwift" */;
			productName = OpenAISwift;
		};
/* End XCSwiftPackageProductDependency section */
	};
	rootObject = 31719BB729FDE0C300466453 /* Project object */;
}
